// !$*UTF8*$!
{
	archiveVersion = 1;
	classes = {
	};
	objectVersion = 54;
	objects = {

/* Begin PBXBuildFile section */
		01A5650E2C4E818D3CCAE840 /* Pods_available_pods_GoKab.framework in Frameworks */ = {isa = PBXBuildFile; fileRef = E67A8CE62E555EA829EF3E87 /* Pods_available_pods_GoKab.framework */; };
		13CC4061C04EC7A0E78C8C35 /* (null) in Frameworks */ = {isa = PBXBuildFile; };
		49FC9A6D38219257CCE8EFAB /* PrivacyInfo.xcprivacy in Resources */ = {isa = PBXBuildFile; fileRef = E0413998BD35640853706916 /* PrivacyInfo.xcprivacy */; };
		4E99861B2DDB411E0052751A /* AppDelegate.swift in Sources */ = {isa = PBXBuildFile; fileRef = 4E99861A2DDB411E0052751A /* AppDelegate.swift */; };
		8424676727074643005473D3 /* Royo.swift in Sources */ = {isa = PBXBuildFile; fileRef = 84F4679626A7F27500D378D5 /* Royo.swift */; };
		842467A427074643005473D3 /* Eina02-Regular.ttf in Resources */ = {isa = PBXBuildFile; fileRef = 8455CA3826DFBC2200C27F72 /* Eina02-Regular.ttf */; };
		842467A527074643005473D3 /* SFProDisplay-Regular.ttf in Resources */ = {isa = PBXBuildFile; fileRef = 846DA78C2681E47000CC5BA2 /* SFProDisplay-Regular.ttf */; };
		842467A627074643005473D3 /* Futura-Medium.ttf in Resources */ = {isa = PBXBuildFile; fileRef = 846DA7902681E47100CC5BA2 /* Futura-Medium.ttf */; };
		842467A727074643005473D3 /* LaunchScreen.storyboard in Resources */ = {isa = PBXBuildFile; fileRef = 81AB9BB72411601600AC10FF /* LaunchScreen.storyboard */; };
		842467A827074643005473D3 /* CircularStd-Book.otf in Resources */ = {isa = PBXBuildFile; fileRef = 844FDD1E2673989300C16835 /* CircularStd-Book.otf */; };
		842467A927074643005473D3 /* Metropolis-Bold.otf in Resources */ = {isa = PBXBuildFile; fileRef = 8496BC0726F1B862001AAB4C /* Metropolis-Bold.otf */; };
		842467AA27074643005473D3 /* Futura Hv BT.ttf in Resources */ = {isa = PBXBuildFile; fileRef = 846DA78E2681E47100CC5BA2 /* Futura Hv BT.ttf */; };
		842467AB27074643005473D3 /* SFProText-Regular.ttf in Resources */ = {isa = PBXBuildFile; fileRef = 846DA78D2681E47000CC5BA2 /* SFProText-Regular.ttf */; };
		842467AC27074643005473D3 /* SFProText-SemiBold.ttf in Resources */ = {isa = PBXBuildFile; fileRef = 846DA78F2681E47100CC5BA2 /* SFProText-SemiBold.ttf */; };
		842467AD27074643005473D3 /* SFProText-Medium.ttf in Resources */ = {isa = PBXBuildFile; fileRef = 846DA7942681E47100CC5BA2 /* SFProText-Medium.ttf */; };
		842467AF27074643005473D3 /* notification.wav in Resources */ = {isa = PBXBuildFile; fileRef = 84D1CDDD2703529C00C05E36 /* notification.wav */; };
		842467B127074643005473D3 /* Plists in Resources */ = {isa = PBXBuildFile; fileRef = 84DD36D82653D9EF00E2097D /* Plists */; };
		842467B227074643005473D3 /* Futura-Normal.ttf in Resources */ = {isa = PBXBuildFile; fileRef = 846DA7922681E47100CC5BA2 /* Futura-Normal.ttf */; };
		842467B327074643005473D3 /* Eina02-Bold.ttf in Resources */ = {isa = PBXBuildFile; fileRef = 8455CA3626DFBC2200C27F72 /* Eina02-Bold.ttf */; };
		842467B427074643005473D3 /* Futura-Book.ttf in Resources */ = {isa = PBXBuildFile; fileRef = 846DA7932681E47100CC5BA2 /* Futura-Book.ttf */; };
		842467B527074643005473D3 /* CircularStd-Medium.otf in Resources */ = {isa = PBXBuildFile; fileRef = 844FDD1D2673989300C16835 /* CircularStd-Medium.otf */; };
		842467B627074643005473D3 /* Metropolis-SemiBold.otf in Resources */ = {isa = PBXBuildFile; fileRef = 8496BC0626F1B861001AAB4C /* Metropolis-SemiBold.otf */; };
		842467B727074643005473D3 /* FuturaBT-Heavy.ttf in Resources */ = {isa = PBXBuildFile; fileRef = 846DA78B2681E47000CC5BA2 /* FuturaBT-Heavy.ttf */; };
		842467B827074643005473D3 /* CircularStd-Bold.ttf in Resources */ = {isa = PBXBuildFile; fileRef = 844FDD1C2673989300C16835 /* CircularStd-Bold.ttf */; };
		842467B927074643005473D3 /* Metropolis-Regular.otf in Resources */ = {isa = PBXBuildFile; fileRef = 8496BC0526F1B860001AAB4C /* Metropolis-Regular.otf */; };
		842467BC27074643005473D3 /* SFProText-Bold.ttf in Resources */ = {isa = PBXBuildFile; fileRef = 846DA7912681E47100CC5BA2 /* SFProText-Bold.ttf */; };
		842467BD27074643005473D3 /* Eina02-SemiBold.ttf in Resources */ = {isa = PBXBuildFile; fileRef = 8455CA3726DFBC2200C27F72 /* Eina02-SemiBold.ttf */; };
		84669B572E69E4D100A0FBDC /* ChatProvidersSDK.xcframework in Frameworks */ = {isa = PBXBuildFile; fileRef = 4EEDC2E52DDC5CAA0065DC7B /* ChatProvidersSDK.xcframework */; };
		84669B582E69E4D100A0FBDC /* ChatProvidersSDK.xcframework in Embed Frameworks */ = {isa = PBXBuildFile; fileRef = 4EEDC2E52DDC5CAA0065DC7B /* ChatProvidersSDK.xcframework */; settings = {ATTRIBUTES = (CodeSignOnCopy, RemoveHeadersOnCopy, ); }; };
		84669B592E69E4D100A0FBDC /* ChatSDK.xcframework in Frameworks */ = {isa = PBXBuildFile; fileRef = 4EEDC2E62DDC5CAA0065DC7B /* ChatSDK.xcframework */; };
		84669B5A2E69E4D100A0FBDC /* ChatSDK.xcframework in Embed Frameworks */ = {isa = PBXBuildFile; fileRef = 4EEDC2E62DDC5CAA0065DC7B /* ChatSDK.xcframework */; settings = {ATTRIBUTES = (CodeSignOnCopy, RemoveHeadersOnCopy, ); }; };
		84669B5B2E69E4D100A0FBDC /* CommonUISDK.xcframework in Frameworks */ = {isa = PBXBuildFile; fileRef = 4EEDC2E72DDC5CAA0065DC7B /* CommonUISDK.xcframework */; };
		84669B5C2E69E4D100A0FBDC /* CommonUISDK.xcframework in Embed Frameworks */ = {isa = PBXBuildFile; fileRef = 4EEDC2E72DDC5CAA0065DC7B /* CommonUISDK.xcframework */; settings = {ATTRIBUTES = (CodeSignOnCopy, RemoveHeadersOnCopy, ); }; };
		84669B5F2E69E4E600A0FBDC /* MessagingAPI.xcframework in Frameworks */ = {isa = PBXBuildFile; fileRef = 4EEDC2DE2DDC5C9F0065DC7B /* MessagingAPI.xcframework */; };
		84669B602E69E4E600A0FBDC /* MessagingAPI.xcframework in Embed Frameworks */ = {isa = PBXBuildFile; fileRef = 4EEDC2DE2DDC5C9F0065DC7B /* MessagingAPI.xcframework */; settings = {ATTRIBUTES = (CodeSignOnCopy, RemoveHeadersOnCopy, ); }; };
		84669B612E69E4E600A0FBDC /* MessagingSDK.xcframework in Frameworks */ = {isa = PBXBuildFile; fileRef = 4EEDC2DF2DDC5C9F0065DC7B /* MessagingSDK.xcframework */; };
		84669B622E69E4E600A0FBDC /* MessagingSDK.xcframework in Embed Frameworks */ = {isa = PBXBuildFile; fileRef = 4EEDC2DF2DDC5C9F0065DC7B /* MessagingSDK.xcframework */; settings = {ATTRIBUTES = (CodeSignOnCopy, RemoveHeadersOnCopy, ); }; };
		84669B652E69E4E600A0FBDC /* SDKConfigurations.xcframework in Frameworks */ = {isa = PBXBuildFile; fileRef = 4EEDC2EE2DDC5CB10065DC7B /* SDKConfigurations.xcframework */; };
		84669B662E69E4E600A0FBDC /* SDKConfigurations.xcframework in Embed Frameworks */ = {isa = PBXBuildFile; fileRef = 4EEDC2EE2DDC5CB10065DC7B /* SDKConfigurations.xcframework */; settings = {ATTRIBUTES = (CodeSignOnCopy, RemoveHeadersOnCopy, ); }; };
		84C85487270747AA00D6B750 /* Ace(Development).xcconfig in Resources */ = {isa = PBXBuildFile; fileRef = 84C85486270747AA00D6B750 /* Ace(Development).xcconfig */; };
		84C85489270747C000D6B750 /* Ace(Production).xcconfig in Resources */ = {isa = PBXBuildFile; fileRef = 84C85488270747C000D6B750 /* Ace(Production).xcconfig */; };
		84C8548B270747D000D6B750 /* Images.xcassets in Resources */ = {isa = PBXBuildFile; fileRef = 84C8548A270747D000D6B750 /* Images.xcassets */; };
		84C854F32707483700D6B750 /* GoogleService-Info.plist in Resources */ = {isa = PBXBuildFile; fileRef = 84C854F22707483600D6B750 /* GoogleService-Info.plist */; };
		ED31B3F12E93BE4400BFBD67 /* AppDelegate.swift in Sources */ = {isa = PBXBuildFile; fileRef = 4E99861A2DDB411E0052751A /* AppDelegate.swift */; };
		ED31B3F22E93BE4400BFBD67 /* Royo.swift in Sources */ = {isa = PBXBuildFile; fileRef = 84F4679626A7F27500D378D5 /* Royo.swift */; };
		ED31B3F42E93BE4400BFBD67 /* ChatSDK.xcframework in Frameworks */ = {isa = PBXBuildFile; fileRef = 4EEDC2E62DDC5CAA0065DC7B /* ChatSDK.xcframework */; };
		ED31B3F52E93BE4400BFBD67 /* SDKConfigurations.xcframework in Frameworks */ = {isa = PBXBuildFile; fileRef = 4EEDC2EE2DDC5CB10065DC7B /* SDKConfigurations.xcframework */; };
		ED31B3F62E93BE4400BFBD67 /* MessagingSDK.xcframework in Frameworks */ = {isa = PBXBuildFile; fileRef = 4EEDC2DF2DDC5C9F0065DC7B /* MessagingSDK.xcframework */; };
		ED31B3F72E93BE4400BFBD67 /* MessagingAPI.xcframework in Frameworks */ = {isa = PBXBuildFile; fileRef = 4EEDC2DE2DDC5C9F0065DC7B /* MessagingAPI.xcframework */; };
		ED31B3F92E93BE4400BFBD67 /* ChatProvidersSDK.xcframework in Frameworks */ = {isa = PBXBuildFile; fileRef = 4EEDC2E52DDC5CAA0065DC7B /* ChatProvidersSDK.xcframework */; };
		ED31B3FA2E93BE4400BFBD67 /* CommonUISDK.xcframework in Frameworks */ = {isa = PBXBuildFile; fileRef = 4EEDC2E72DDC5CAA0065DC7B /* CommonUISDK.xcframework */; };
		ED31B3FC2E93BE4400BFBD67 /* Eina02-Regular.ttf in Resources */ = {isa = PBXBuildFile; fileRef = 8455CA3826DFBC2200C27F72 /* Eina02-Regular.ttf */; };
		ED31B3FE2E93BE4400BFBD67 /* SFProDisplay-Regular.ttf in Resources */ = {isa = PBXBuildFile; fileRef = 846DA78C2681E47000CC5BA2 /* SFProDisplay-Regular.ttf */; };
		ED31B3FF2E93BE4400BFBD67 /* Futura-Medium.ttf in Resources */ = {isa = PBXBuildFile; fileRef = 846DA7902681E47100CC5BA2 /* Futura-Medium.ttf */; };
		ED31B4002E93BE4400BFBD67 /* LaunchScreen.storyboard in Resources */ = {isa = PBXBuildFile; fileRef = 81AB9BB72411601600AC10FF /* LaunchScreen.storyboard */; };
		ED31B4012E93BE4400BFBD67 /* CircularStd-Book.otf in Resources */ = {isa = PBXBuildFile; fileRef = 844FDD1E2673989300C16835 /* CircularStd-Book.otf */; };
		ED31B4022E93BE4400BFBD67 /* Metropolis-Bold.otf in Resources */ = {isa = PBXBuildFile; fileRef = 8496BC0726F1B862001AAB4C /* Metropolis-Bold.otf */; };
		ED31B4042E93BE4400BFBD67 /* Futura Hv BT.ttf in Resources */ = {isa = PBXBuildFile; fileRef = 846DA78E2681E47100CC5BA2 /* Futura Hv BT.ttf */; };
		ED31B4062E93BE4400BFBD67 /* SFProText-Regular.ttf in Resources */ = {isa = PBXBuildFile; fileRef = 846DA78D2681E47000CC5BA2 /* SFProText-Regular.ttf */; };
		ED31B4072E93BE4400BFBD67 /* SFProText-SemiBold.ttf in Resources */ = {isa = PBXBuildFile; fileRef = 846DA78F2681E47100CC5BA2 /* SFProText-SemiBold.ttf */; };
		ED31B4082E93BE4400BFBD67 /* SFProText-Medium.ttf in Resources */ = {isa = PBXBuildFile; fileRef = 846DA7942681E47100CC5BA2 /* SFProText-Medium.ttf */; };
		ED31B40A2E93BE4400BFBD67 /* notification.wav in Resources */ = {isa = PBXBuildFile; fileRef = 84D1CDDD2703529C00C05E36 /* notification.wav */; };
		ED31B40B2E93BE4400BFBD67 /* Plists in Resources */ = {isa = PBXBuildFile; fileRef = 84DD36D82653D9EF00E2097D /* Plists */; };
		ED31B40C2E93BE4400BFBD67 /* Futura-Normal.ttf in Resources */ = {isa = PBXBuildFile; fileRef = 846DA7922681E47100CC5BA2 /* Futura-Normal.ttf */; };
		ED31B40D2E93BE4400BFBD67 /* Eina02-Bold.ttf in Resources */ = {isa = PBXBuildFile; fileRef = 8455CA3626DFBC2200C27F72 /* Eina02-Bold.ttf */; };
		ED31B40E2E93BE4400BFBD67 /* Futura-Book.ttf in Resources */ = {isa = PBXBuildFile; fileRef = 846DA7932681E47100CC5BA2 /* Futura-Book.ttf */; };
		ED31B40F2E93BE4400BFBD67 /* CircularStd-Medium.otf in Resources */ = {isa = PBXBuildFile; fileRef = 844FDD1D2673989300C16835 /* CircularStd-Medium.otf */; };
		ED31B4102E93BE4400BFBD67 /* Metropolis-SemiBold.otf in Resources */ = {isa = PBXBuildFile; fileRef = 8496BC0626F1B861001AAB4C /* Metropolis-SemiBold.otf */; };
		ED31B4112E93BE4400BFBD67 /* FuturaBT-Heavy.ttf in Resources */ = {isa = PBXBuildFile; fileRef = 846DA78B2681E47000CC5BA2 /* FuturaBT-Heavy.ttf */; };
		ED31B4122E93BE4400BFBD67 /* CircularStd-Bold.ttf in Resources */ = {isa = PBXBuildFile; fileRef = 844FDD1C2673989300C16835 /* CircularStd-Bold.ttf */; };
		ED31B4132E93BE4400BFBD67 /* Metropolis-Regular.otf in Resources */ = {isa = PBXBuildFile; fileRef = 8496BC0526F1B860001AAB4C /* Metropolis-Regular.otf */; };
		ED31B4142E93BE4400BFBD67 /* SFProText-Bold.ttf in Resources */ = {isa = PBXBuildFile; fileRef = 846DA7912681E47100CC5BA2 /* SFProText-Bold.ttf */; };
		ED31B4152E93BE4400BFBD67 /* Eina02-SemiBold.ttf in Resources */ = {isa = PBXBuildFile; fileRef = 8455CA3726DFBC2200C27F72 /* Eina02-SemiBold.ttf */; };
		ED31B4162E93BE4400BFBD67 /* PrivacyInfo.xcprivacy in Resources */ = {isa = PBXBuildFile; fileRef = E0413998BD35640853706916 /* PrivacyInfo.xcprivacy */; };
		ED31B41C2E93BE4400BFBD67 /* MessagingSDK.xcframework in Embed Frameworks */ = {isa = PBXBuildFile; fileRef = 4EEDC2DF2DDC5C9F0065DC7B /* MessagingSDK.xcframework */; settings = {ATTRIBUTES = (CodeSignOnCopy, RemoveHeadersOnCopy, ); }; };
		ED31B41D2E93BE4400BFBD67 /* ChatSDK.xcframework in Embed Frameworks */ = {isa = PBXBuildFile; fileRef = 4EEDC2E62DDC5CAA0065DC7B /* ChatSDK.xcframework */; settings = {ATTRIBUTES = (CodeSignOnCopy, RemoveHeadersOnCopy, ); }; };
		ED31B41E2E93BE4400BFBD67 /* CommonUISDK.xcframework in Embed Frameworks */ = {isa = PBXBuildFile; fileRef = 4EEDC2E72DDC5CAA0065DC7B /* CommonUISDK.xcframework */; settings = {ATTRIBUTES = (CodeSignOnCopy, RemoveHeadersOnCopy, ); }; };
		ED31B41F2E93BE4400BFBD67 /* ChatProvidersSDK.xcframework in Embed Frameworks */ = {isa = PBXBuildFile; fileRef = 4EEDC2E52DDC5CAA0065DC7B /* ChatProvidersSDK.xcframework */; settings = {ATTRIBUTES = (CodeSignOnCopy, RemoveHeadersOnCopy, ); }; };
		ED31B4202E93BE4400BFBD67 /* SDKConfigurations.xcframework in Embed Frameworks */ = {isa = PBXBuildFile; fileRef = 4EEDC2EE2DDC5CB10065DC7B /* SDKConfigurations.xcframework */; settings = {ATTRIBUTES = (CodeSignOnCopy, RemoveHeadersOnCopy, ); }; };
		ED31B4212E93BE4400BFBD67 /* MessagingAPI.xcframework in Embed Frameworks */ = {isa = PBXBuildFile; fileRef = 4EEDC2DE2DDC5C9F0065DC7B /* MessagingAPI.xcframework */; settings = {ATTRIBUTES = (CodeSignOnCopy, RemoveHeadersOnCopy, ); }; };
		ED31B42C2E93BE9300BFBD67 /* GoKab(Production).xcconfig in Resources */ = {isa = PBXBuildFile; fileRef = ED31B4292E93BE9300BFBD67 /* GoKab(Production).xcconfig */; };
		ED31B42D2E93BE9300BFBD67 /* GoKab(Development).xcconfig in Resources */ = {isa = PBXBuildFile; fileRef = ED31B4282E93BE9300BFBD67 /* GoKab(Development).xcconfig */; };
		ED31B42E2E93BE9300BFBD67 /* Images.xcassets in Resources */ = {isa = PBXBuildFile; fileRef = ED31B42B2E93BE9300BFBD67 /* Images.xcassets */; };
		ED31B42F2E93BE9300BFBD67 /* GoogleService-Info.plist in Resources */ = {isa = PBXBuildFile; fileRef = ED31B42A2E93BE9300BFBD67 /* GoogleService-Info.plist */; };
/* End PBXBuildFile section */

/* Begin PBXCopyFilesBuildPhase section */
		84669B5D2E69E4D100A0FBDC /* Embed Frameworks */ = {
			isa = PBXCopyFilesBuildPhase;
			buildActionMask = 2147483647;
			dstPath = "";
			dstSubfolderSpec = 10;
			files = (
				84669B622E69E4E600A0FBDC /* MessagingSDK.xcframework in Embed Frameworks */,
				84669B5A2E69E4D100A0FBDC /* ChatSDK.xcframework in Embed Frameworks */,
				84669B5C2E69E4D100A0FBDC /* CommonUISDK.xcframework in Embed Frameworks */,
				84669B582E69E4D100A0FBDC /* ChatProvidersSDK.xcframework in Embed Frameworks */,
				84669B662E69E4E600A0FBDC /* SDKConfigurations.xcframework in Embed Frameworks */,
				84669B602E69E4E600A0FBDC /* MessagingAPI.xcframework in Embed Frameworks */,
			);
			name = "Embed Frameworks";
			runOnlyForDeploymentPostprocessing = 0;
		};
		ED31B41B2E93BE4400BFBD67 /* Embed Frameworks */ = {
			isa = PBXCopyFilesBuildPhase;
			buildActionMask = 2147483647;
			dstPath = "";
			dstSubfolderSpec = 10;
			files = (
				ED31B41C2E93BE4400BFBD67 /* MessagingSDK.xcframework in Embed Frameworks */,
				ED31B41D2E93BE4400BFBD67 /* ChatSDK.xcframework in Embed Frameworks */,
				ED31B41E2E93BE4400BFBD67 /* CommonUISDK.xcframework in Embed Frameworks */,
				ED31B41F2E93BE4400BFBD67 /* ChatProvidersSDK.xcframework in Embed Frameworks */,
				ED31B4202E93BE4400BFBD67 /* SDKConfigurations.xcframework in Embed Frameworks */,
				ED31B4212E93BE4400BFBD67 /* MessagingAPI.xcframework in Embed Frameworks */,
			);
			name = "Embed Frameworks";
			runOnlyForDeploymentPostprocessing = 0;
		};
/* End PBXCopyFilesBuildPhase section */

/* Begin PBXFileReference section */
		00E356EE1AD99517003FC87E /* RunrunTests.xctest */ = {isa = PBXFileReference; explicitFileType = wrapper.cfbundle; includeInIndex = 0; path = RunrunTests.xctest; sourceTree = BUILT_PRODUCTS_DIR; };
		11669D72CC6C8C5DB8305713 /* Pods-available_pods-GoKab.debug.xcconfig */ = {isa = PBXFileReference; includeInIndex = 1; lastKnownFileType = text.xcconfig; name = "Pods-available_pods-GoKab.debug.xcconfig"; path = "Target Support Files/Pods-available_pods-GoKab/Pods-available_pods-GoKab.debug.xcconfig"; sourceTree = "<group>"; };
		2D02E4901E0B4A5D006451C7 /* Runrun-tvOSTests.xctest */ = {isa = PBXFileReference; explicitFileType = wrapper.cfbundle; includeInIndex = 0; path = "Runrun-tvOSTests.xctest"; sourceTree = BUILT_PRODUCTS_DIR; };
		4E99861A2DDB411E0052751A /* AppDelegate.swift */ = {isa = PBXFileReference; lastKnownFileType = sourcecode.swift; name = AppDelegate.swift; path = Runrun/AppDelegate.swift; sourceTree = "<group>"; };
		4EEDC2DE2DDC5C9F0065DC7B /* MessagingAPI.xcframework */ = {isa = PBXFileReference; lastKnownFileType = wrapper.xcframework; name = MessagingAPI.xcframework; path = Pods/ZendeskMessagingAPISDK/MessagingAPI.xcframework; sourceTree = "<group>"; };
		4EEDC2DF2DDC5C9F0065DC7B /* MessagingSDK.xcframework */ = {isa = PBXFileReference; lastKnownFileType = wrapper.xcframework; name = MessagingSDK.xcframework; path = Pods/ZendeskMessagingSDK/MessagingSDK.xcframework; sourceTree = "<group>"; };
		4EEDC2E52DDC5CAA0065DC7B /* ChatProvidersSDK.xcframework */ = {isa = PBXFileReference; lastKnownFileType = wrapper.xcframework; name = ChatProvidersSDK.xcframework; path = Pods/ZendeskChatProvidersSDK/ChatProvidersSDK.xcframework; sourceTree = "<group>"; };
		4EEDC2E62DDC5CAA0065DC7B /* ChatSDK.xcframework */ = {isa = PBXFileReference; lastKnownFileType = wrapper.xcframework; name = ChatSDK.xcframework; path = Pods/ZendeskChatSDK/ChatSDK.xcframework; sourceTree = "<group>"; };
		4EEDC2E72DDC5CAA0065DC7B /* CommonUISDK.xcframework */ = {isa = PBXFileReference; lastKnownFileType = wrapper.xcframework; name = CommonUISDK.xcframework; path = Pods/ZendeskCommonUISDK/CommonUISDK.xcframework; sourceTree = "<group>"; };
		4EEDC2EE2DDC5CB10065DC7B /* SDKConfigurations.xcframework */ = {isa = PBXFileReference; lastKnownFileType = wrapper.xcframework; name = SDKConfigurations.xcframework; path = Pods/ZendeskSDKConfigurationsSDK/SDKConfigurations.xcframework; sourceTree = "<group>"; };
		81AB9BB72411601600AC10FF /* LaunchScreen.storyboard */ = {isa = PBXFileReference; fileEncoding = 4; lastKnownFileType = file.storyboard; name = LaunchScreen.storyboard; path = Runrun/LaunchScreen.storyboard; sourceTree = "<group>"; };
		842467C527074643005473D3 /* Runrun.app */ = {isa = PBXFileReference; explicitFileType = wrapper.application; includeInIndex = 0; path = Runrun.app; sourceTree = BUILT_PRODUCTS_DIR; };
		844FDD1C2673989300C16835 /* CircularStd-Bold.ttf */ = {isa = PBXFileReference; lastKnownFileType = file; path = "CircularStd-Bold.ttf"; sourceTree = "<group>"; };
		844FDD1D2673989300C16835 /* CircularStd-Medium.otf */ = {isa = PBXFileReference; lastKnownFileType = file; path = "CircularStd-Medium.otf"; sourceTree = "<group>"; };
		844FDD1E2673989300C16835 /* CircularStd-Book.otf */ = {isa = PBXFileReference; lastKnownFileType = file; path = "CircularStd-Book.otf"; sourceTree = "<group>"; };
		8455CA3626DFBC2200C27F72 /* Eina02-Bold.ttf */ = {isa = PBXFileReference; lastKnownFileType = file; path = "Eina02-Bold.ttf"; sourceTree = "<group>"; };
		8455CA3726DFBC2200C27F72 /* Eina02-SemiBold.ttf */ = {isa = PBXFileReference; lastKnownFileType = file; path = "Eina02-SemiBold.ttf"; sourceTree = "<group>"; };
		8455CA3826DFBC2200C27F72 /* Eina02-Regular.ttf */ = {isa = PBXFileReference; lastKnownFileType = file; path = "Eina02-Regular.ttf"; sourceTree = "<group>"; };
		84669B5E2E69E4E600A0FBDC /* Razorpay.xcframework */ = {isa = PBXFileReference; lastKnownFileType = wrapper.xcframework; name = Razorpay.xcframework; path = "Pods/razorpay-pod/Pod/Razorpay.xcframework"; sourceTree = "<group>"; };
		846DA78B2681E47000CC5BA2 /* FuturaBT-Heavy.ttf */ = {isa = PBXFileReference; lastKnownFileType = file; name = "FuturaBT-Heavy.ttf"; path = "../../src/assets/fonts/FuturaBT-Heavy.ttf"; sourceTree = "<group>"; };
		846DA78C2681E47000CC5BA2 /* SFProDisplay-Regular.ttf */ = {isa = PBXFileReference; lastKnownFileType = file; name = "SFProDisplay-Regular.ttf"; path = "../../src/assets/fonts/SFProDisplay-Regular.ttf"; sourceTree = "<group>"; };
		846DA78D2681E47000CC5BA2 /* SFProText-Regular.ttf */ = {isa = PBXFileReference; lastKnownFileType = file; name = "SFProText-Regular.ttf"; path = "../../src/assets/fonts/SFProText-Regular.ttf"; sourceTree = "<group>"; };
		846DA78E2681E47100CC5BA2 /* Futura Hv BT.ttf */ = {isa = PBXFileReference; lastKnownFileType = file; name = "Futura Hv BT.ttf"; path = "../../src/assets/fonts/Futura Hv BT.ttf"; sourceTree = "<group>"; };
		846DA78F2681E47100CC5BA2 /* SFProText-SemiBold.ttf */ = {isa = PBXFileReference; lastKnownFileType = file; name = "SFProText-SemiBold.ttf"; path = "../../src/assets/fonts/SFProText-SemiBold.ttf"; sourceTree = "<group>"; };
		846DA7902681E47100CC5BA2 /* Futura-Medium.ttf */ = {isa = PBXFileReference; lastKnownFileType = file; name = "Futura-Medium.ttf"; path = "../../src/assets/fonts/Futura-Medium.ttf"; sourceTree = "<group>"; };
		846DA7912681E47100CC5BA2 /* SFProText-Bold.ttf */ = {isa = PBXFileReference; lastKnownFileType = file; name = "SFProText-Bold.ttf"; path = "../../src/assets/fonts/SFProText-Bold.ttf"; sourceTree = "<group>"; };
		846DA7922681E47100CC5BA2 /* Futura-Normal.ttf */ = {isa = PBXFileReference; lastKnownFileType = file; name = "Futura-Normal.ttf"; path = "../../src/assets/fonts/Futura-Normal.ttf"; sourceTree = "<group>"; };
		846DA7932681E47100CC5BA2 /* Futura-Book.ttf */ = {isa = PBXFileReference; lastKnownFileType = file; name = "Futura-Book.ttf"; path = "../../src/assets/fonts/Futura-Book.ttf"; sourceTree = "<group>"; };
		846DA7942681E47100CC5BA2 /* SFProText-Medium.ttf */ = {isa = PBXFileReference; lastKnownFileType = file; name = "SFProText-Medium.ttf"; path = "../../src/assets/fonts/SFProText-Medium.ttf"; sourceTree = "<group>"; };
		8496BC0526F1B860001AAB4C /* Metropolis-Regular.otf */ = {isa = PBXFileReference; lastKnownFileType = file; path = "Metropolis-Regular.otf"; sourceTree = "<group>"; };
		8496BC0626F1B861001AAB4C /* Metropolis-SemiBold.otf */ = {isa = PBXFileReference; lastKnownFileType = file; path = "Metropolis-SemiBold.otf"; sourceTree = "<group>"; };
		8496BC0726F1B862001AAB4C /* Metropolis-Bold.otf */ = {isa = PBXFileReference; lastKnownFileType = file; path = "Metropolis-Bold.otf"; sourceTree = "<group>"; };
		84C85486270747AA00D6B750 /* Ace(Development).xcconfig */ = {isa = PBXFileReference; lastKnownFileType = text.xcconfig; path = "Ace(Development).xcconfig"; sourceTree = "<group>"; };
		84C85488270747C000D6B750 /* Ace(Production).xcconfig */ = {isa = PBXFileReference; lastKnownFileType = text.xcconfig; path = "Ace(Production).xcconfig"; sourceTree = "<group>"; };
		84C8548A270747D000D6B750 /* Images.xcassets */ = {isa = PBXFileReference; lastKnownFileType = folder.assetcatalog; path = Images.xcassets; sourceTree = "<group>"; };
		84C854F22707483600D6B750 /* GoogleService-Info.plist */ = {isa = PBXFileReference; fileEncoding = 4; lastKnownFileType = text.plist.xml; path = "GoogleService-Info.plist"; sourceTree = "<group>"; };
		84D1CDDD2703529C00C05E36 /* notification.wav */ = {isa = PBXFileReference; lastKnownFileType = audio.wav; path = notification.wav; sourceTree = "<group>"; };
		84DD36D82653D9EF00E2097D /* Plists */ = {isa = PBXFileReference; lastKnownFileType = folder; name = Plists; path = Runrun/Plists; sourceTree = "<group>"; };
		84EA41CC26393E950078E919 /* libRNGoogleSignin.a */ = {isa = PBXFileReference; explicitFileType = archive.ar; path = libRNGoogleSignin.a; sourceTree = BUILT_PRODUCTS_DIR; };
		84EA41CE26393EA70078E919 /* AddressBook.framework */ = {isa = PBXFileReference; lastKnownFileType = wrapper.framework; name = AddressBook.framework; path = System/Library/Frameworks/AddressBook.framework; sourceTree = SDKROOT; };
		84EA41D026393EB30078E919 /* SafariServices.framework */ = {isa = PBXFileReference; lastKnownFileType = wrapper.framework; name = SafariServices.framework; path = System/Library/Frameworks/SafariServices.framework; sourceTree = SDKROOT; };
		84EA41D226393EC40078E919 /* SystemConfiguration.framework */ = {isa = PBXFileReference; lastKnownFileType = wrapper.framework; name = SystemConfiguration.framework; path = System/Library/Frameworks/SystemConfiguration.framework; sourceTree = SDKROOT; };
		84EA41D426393EE20078E919 /* libz.tbd */ = {isa = PBXFileReference; lastKnownFileType = "sourcecode.text-based-dylib-definition"; name = libz.tbd; path = usr/lib/libz.tbd; sourceTree = SDKROOT; };
		84F4679626A7F27500D378D5 /* Royo.swift */ = {isa = PBXFileReference; lastKnownFileType = sourcecode.swift; path = Royo.swift; sourceTree = "<group>"; };
		AF23CB3CF14E8A2E6334C9CE /* Pods-available_pods-GoKab.release.xcconfig */ = {isa = PBXFileReference; includeInIndex = 1; lastKnownFileType = text.xcconfig; name = "Pods-available_pods-GoKab.release.xcconfig"; path = "Target Support Files/Pods-available_pods-GoKab/Pods-available_pods-GoKab.release.xcconfig"; sourceTree = "<group>"; };
		B2C0F37A3B37334647D3ED69 /* Pods-available_pods-Ace.debug.xcconfig */ = {isa = PBXFileReference; includeInIndex = 1; lastKnownFileType = text.xcconfig; name = "Pods-available_pods-Ace.debug.xcconfig"; path = "Target Support Files/Pods-available_pods-Ace/Pods-available_pods-Ace.debug.xcconfig"; sourceTree = "<group>"; };
		C84861CA16DB1E937C6D2B24 /* Pods-available_pods-Ace.release.xcconfig */ = {isa = PBXFileReference; includeInIndex = 1; lastKnownFileType = text.xcconfig; name = "Pods-available_pods-Ace.release.xcconfig"; path = "Target Support Files/Pods-available_pods-Ace/Pods-available_pods-Ace.release.xcconfig"; sourceTree = "<group>"; };
		E0413998BD35640853706916 /* PrivacyInfo.xcprivacy */ = {isa = PBXFileReference; includeInIndex = 1; lastKnownFileType = text.xml; path = PrivacyInfo.xcprivacy; sourceTree = "<group>"; };
		E67A8CE62E555EA829EF3E87 /* Pods_available_pods_GoKab.framework */ = {isa = PBXFileReference; explicitFileType = wrapper.framework; includeInIndex = 0; path = Pods_available_pods_GoKab.framework; sourceTree = BUILT_PRODUCTS_DIR; };
		ED297162215061F000B7C4FE /* JavaScriptCore.framework */ = {isa = PBXFileReference; lastKnownFileType = wrapper.framework; name = JavaScriptCore.framework; path = System/Library/Frameworks/JavaScriptCore.framework; sourceTree = SDKROOT; };
		ED2971642150620600B7C4FE /* JavaScriptCore.framework */ = {isa = PBXFileReference; lastKnownFileType = wrapper.framework; name = JavaScriptCore.framework; path = Platforms/AppleTVOS.platform/Developer/SDKs/AppleTVOS12.0.sdk/System/Library/Frameworks/JavaScriptCore.framework; sourceTree = DEVELOPER_DIR; };
		ED31B4252E93BE4400BFBD67 /* GoKab.app */ = {isa = PBXFileReference; explicitFileType = wrapper.application; includeInIndex = 0; path = GoKab.app; sourceTree = BUILT_PRODUCTS_DIR; };
		ED31B4282E93BE9300BFBD67 /* GoKab(Development).xcconfig */ = {isa = PBXFileReference; lastKnownFileType = text.xcconfig; path = "GoKab(Development).xcconfig"; sourceTree = "<group>"; };
		ED31B4292E93BE9300BFBD67 /* GoKab(Production).xcconfig */ = {isa = PBXFileReference; lastKnownFileType = text.xcconfig; path = "GoKab(Production).xcconfig"; sourceTree = "<group>"; };
		ED31B42A2E93BE9300BFBD67 /* GoogleService-Info.plist */ = {isa = PBXFileReference; lastKnownFileType = text.plist.xml; path = "GoogleService-Info.plist"; sourceTree = "<group>"; };
		ED31B42B2E93BE9300BFBD67 /* Images.xcassets */ = {isa = PBXFileReference; lastKnownFileType = folder.assetcatalog; path = Images.xcassets; sourceTree = "<group>"; };
		FE4DB54D2A43301B0015DBB9 /* AceDebug.entitlements */ = {isa = PBXFileReference; lastKnownFileType = text.plist.entitlements; path = AceDebug.entitlements; sourceTree = "<group>"; };
		FE4DB5562A436BC40015DBB9 /* Ace.entitlements */ = {isa = PBXFileReference; lastKnownFileType = text.plist.entitlements; path = Ace.entitlements; sourceTree = "<group>"; };
/* End PBXFileReference section */

/* Begin PBXFrameworksBuildPhase section */
		00E356EB1AD99517003FC87E /* Frameworks */ = {
			isa = PBXFrameworksBuildPhase;
			buildActionMask = 2147483647;
			files = (
			);
			runOnlyForDeploymentPostprocessing = 0;
		};
		2D02E48D1E0B4A5D006451C7 /* Frameworks */ = {
			isa = PBXFrameworksBuildPhase;
			buildActionMask = 2147483647;
			files = (
			);
			runOnlyForDeploymentPostprocessing = 0;
		};
		8424676927074643005473D3 /* Frameworks */ = {
			isa = PBXFrameworksBuildPhase;
			buildActionMask = 2147483647;
			files = (
				84669B592E69E4D100A0FBDC /* ChatSDK.xcframework in Frameworks */,
				84669B652E69E4E600A0FBDC /* SDKConfigurations.xcframework in Frameworks */,
				84669B612E69E4E600A0FBDC /* MessagingSDK.xcframework in Frameworks */,
				84669B5F2E69E4E600A0FBDC /* MessagingAPI.xcframework in Frameworks */,
				13CC4061C04EC7A0E78C8C35 /* (null) in Frameworks */,
				84669B572E69E4D100A0FBDC /* ChatProvidersSDK.xcframework in Frameworks */,
				84669B5B2E69E4D100A0FBDC /* CommonUISDK.xcframework in Frameworks */,
			);
			runOnlyForDeploymentPostprocessing = 0;
		};
		ED31B3F32E93BE4400BFBD67 /* Frameworks */ = {
			isa = PBXFrameworksBuildPhase;
			buildActionMask = 2147483647;
			files = (
				ED31B3F42E93BE4400BFBD67 /* ChatSDK.xcframework in Frameworks */,
				ED31B3F52E93BE4400BFBD67 /* SDKConfigurations.xcframework in Frameworks */,
				ED31B3F62E93BE4400BFBD67 /* MessagingSDK.xcframework in Frameworks */,
				ED31B3F72E93BE4400BFBD67 /* MessagingAPI.xcframework in Frameworks */,
				ED31B3F92E93BE4400BFBD67 /* ChatProvidersSDK.xcframework in Frameworks */,
				ED31B3FA2E93BE4400BFBD67 /* CommonUISDK.xcframework in Frameworks */,
				01A5650E2C4E818D3CCAE840 /* Pods_available_pods_GoKab.framework in Frameworks */,
			);
			runOnlyForDeploymentPostprocessing = 0;
		};
/* End PBXFrameworksBuildPhase section */

/* Begin PBXGroup section */
		104E1AA0283B6CB700F6061D /* Resources-iPad */ = {
			isa = PBXGroup;
			children = (
			);
			name = "Resources-iPad";
			sourceTree = "<group>";
		};
		13B07FAE1A68108700A75B9A /* Runrun */ = {
			isa = PBXGroup;
			children = (
				844FDD0F267397EF00C16835 /* Fonts */,
				844804B42653CF490050AA67 /* Configs */,
				84DD36D82653D9EF00E2097D /* Plists */,
				81AB9BB72411601600AC10FF /* LaunchScreen.storyboard */,
			);
			name = Runrun;
			sourceTree = "<group>";
		};
		293CCC036299F75712B8E1E3 /* Pods */ = {
			isa = PBXGroup;
			children = (
				C84861CA16DB1E937C6D2B24 /* Pods-available_pods-Ace.release.xcconfig */,
				B2C0F37A3B37334647D3ED69 /* Pods-available_pods-Ace.debug.xcconfig */,
				AF23CB3CF14E8A2E6334C9CE /* Pods-available_pods-GoKab.release.xcconfig */,
				11669D72CC6C8C5DB8305713 /* Pods-available_pods-GoKab.debug.xcconfig */,
			);
			path = Pods;
			sourceTree = "<group>";
		};
		2D16E6871FA4F8E400B85C8A /* Frameworks */ = {
			isa = PBXGroup;
			children = (
				84669B5E2E69E4E600A0FBDC /* Razorpay.xcframework */,
				4EEDC2EE2DDC5CB10065DC7B /* SDKConfigurations.xcframework */,
				4EEDC2E52DDC5CAA0065DC7B /* ChatProvidersSDK.xcframework */,
				4EEDC2E62DDC5CAA0065DC7B /* ChatSDK.xcframework */,
				4EEDC2E72DDC5CAA0065DC7B /* CommonUISDK.xcframework */,
				4EEDC2DE2DDC5C9F0065DC7B /* MessagingAPI.xcframework */,
				4EEDC2DF2DDC5C9F0065DC7B /* MessagingSDK.xcframework */,
				84EA41D426393EE20078E919 /* libz.tbd */,
				84EA41D226393EC40078E919 /* SystemConfiguration.framework */,
				84EA41D026393EB30078E919 /* SafariServices.framework */,
				84EA41CE26393EA70078E919 /* AddressBook.framework */,
				84EA41CC26393E950078E919 /* libRNGoogleSignin.a */,
				ED297162215061F000B7C4FE /* JavaScriptCore.framework */,
				ED2971642150620600B7C4FE /* JavaScriptCore.framework */,
				E67A8CE62E555EA829EF3E87 /* Pods_available_pods_GoKab.framework */,
			);
			name = Frameworks;
			sourceTree = "<group>";
		};
		832341AE1AAA6A7D00B99B32 /* Libraries */ = {
			isa = PBXGroup;
			children = (
			);
			name = Libraries;
			sourceTree = "<group>";
		};
		83CBB9F61A601CBA00E9B192 = {
			isa = PBXGroup;
			children = (
				4E99861A2DDB411E0052751A /* AppDelegate.swift */,
				FE4DB5562A436BC40015DBB9 /* Ace.entitlements */,
				FE4DB54D2A43301B0015DBB9 /* AceDebug.entitlements */,
				84F4679626A7F27500D378D5 /* Royo.swift */,
				84D1CDDD2703529C00C05E36 /* notification.wav */,
				2D16E6871FA4F8E400B85C8A /* Frameworks */,
				832341AE1AAA6A7D00B99B32 /* Libraries */,
				293CCC036299F75712B8E1E3 /* Pods */,
				83CBBA001A601CBA00E9B192 /* Products */,
				841D9D5B26A6999600324021 /* Recovered References */,
				D65CC1AD79C546A3A311AA2C /* Resources */,
				104E1AA0283B6CB700F6061D /* Resources-iPad */,
				13B07FAE1A68108700A75B9A /* Runrun */,
				E0413998BD35640853706916 /* PrivacyInfo.xcprivacy */,
			);
			indentWidth = 2;
			sourceTree = "<group>";
			tabWidth = 2;
			usesTabs = 0;
		};
		83CBBA001A601CBA00E9B192 /* Products */ = {
			isa = PBXGroup;
			children = (
				00E356EE1AD99517003FC87E /* RunrunTests.xctest */,
				2D02E4901E0B4A5D006451C7 /* Runrun-tvOSTests.xctest */,
				842467C527074643005473D3 /* Runrun.app */,
				ED31B4252E93BE4400BFBD67 /* GoKab.app */,
			);
			name = Products;
			sourceTree = "<group>";
		};
		841D9D5B26A6999600324021 /* Recovered References */ = {
			isa = PBXGroup;
			children = (
			);
			name = "Recovered References";
			sourceTree = "<group>";
		};
		844804B42653CF490050AA67 /* Configs */ = {
			isa = PBXGroup;
			children = (
				ED31B4272E93BE5900BFBD67 /* GoKab */,
				84C853B92707478B00D6B750 /* Ace */,
			);
			path = Configs;
			sourceTree = "<group>";
		};
		844FDD0F267397EF00C16835 /* Fonts */ = {
			isa = PBXGroup;
			children = (
				8496BC0726F1B862001AAB4C /* Metropolis-Bold.otf */,
				8496BC0526F1B860001AAB4C /* Metropolis-Regular.otf */,
				8496BC0626F1B861001AAB4C /* Metropolis-SemiBold.otf */,
				8455CA3626DFBC2200C27F72 /* Eina02-Bold.ttf */,
				8455CA3826DFBC2200C27F72 /* Eina02-Regular.ttf */,
				8455CA3726DFBC2200C27F72 /* Eina02-SemiBold.ttf */,
				846DA78E2681E47100CC5BA2 /* Futura Hv BT.ttf */,
				846DA7932681E47100CC5BA2 /* Futura-Book.ttf */,
				846DA7902681E47100CC5BA2 /* Futura-Medium.ttf */,
				846DA7922681E47100CC5BA2 /* Futura-Normal.ttf */,
				846DA78B2681E47000CC5BA2 /* FuturaBT-Heavy.ttf */,
				846DA78C2681E47000CC5BA2 /* SFProDisplay-Regular.ttf */,
				846DA7912681E47100CC5BA2 /* SFProText-Bold.ttf */,
				846DA7942681E47100CC5BA2 /* SFProText-Medium.ttf */,
				846DA78D2681E47000CC5BA2 /* SFProText-Regular.ttf */,
				846DA78F2681E47100CC5BA2 /* SFProText-SemiBold.ttf */,
				844FDD1C2673989300C16835 /* CircularStd-Bold.ttf */,
				844FDD1E2673989300C16835 /* CircularStd-Book.otf */,
				844FDD1D2673989300C16835 /* CircularStd-Medium.otf */,
			);
			path = Fonts;
			sourceTree = "<group>";
		};
		84C853B92707478B00D6B750 /* Ace */ = {
			isa = PBXGroup;
			children = (
				84C85486270747AA00D6B750 /* Ace(Development).xcconfig */,
				84C854F22707483600D6B750 /* GoogleService-Info.plist */,
				84C85488270747C000D6B750 /* Ace(Production).xcconfig */,
				84C8548A270747D000D6B750 /* Images.xcassets */,
			);
			path = Ace;
			sourceTree = "<group>";
		};
		D65CC1AD79C546A3A311AA2C /* Resources */ = {
			isa = PBXGroup;
			children = (
			);
			name = Resources;
			sourceTree = "<group>";
		};
		ED31B4272E93BE5900BFBD67 /* GoKab */ = {
			isa = PBXGroup;
			children = (
				ED31B4282E93BE9300BFBD67 /* GoKab(Development).xcconfig */,
				ED31B4292E93BE9300BFBD67 /* GoKab(Production).xcconfig */,
				ED31B42A2E93BE9300BFBD67 /* GoogleService-Info.plist */,
				ED31B42B2E93BE9300BFBD67 /* Images.xcassets */,
			);
			path = GoKab;
			sourceTree = "<group>";
		};
/* End PBXGroup section */

/* Begin PBXNativeTarget section */
		00E356ED1AD99517003FC87E /* RunrunTests */ = {
			isa = PBXNativeTarget;
			buildConfigurationList = 00E357021AD99517003FC87E /* Build configuration list for PBXNativeTarget "RunrunTests" */;
			buildPhases = (
				00E356EA1AD99517003FC87E /* Sources */,
				00E356EB1AD99517003FC87E /* Frameworks */,
				00E356EC1AD99517003FC87E /* Resources */,
			);
			buildRules = (
			);
			dependencies = (
			);
			name = RunrunTests;
			productName = RunrunTests;
			productReference = 00E356EE1AD99517003FC87E /* RunrunTests.xctest */;
			productType = "com.apple.product-type.bundle.unit-test";
		};
		2D02E48F1E0B4A5D006451C7 /* Runrun-tvOSTests */ = {
			isa = PBXNativeTarget;
			buildConfigurationList = 2D02E4BB1E0B4A5E006451C7 /* Build configuration list for PBXNativeTarget "Runrun-tvOSTests" */;
			buildPhases = (
				2D02E48C1E0B4A5D006451C7 /* Sources */,
				2D02E48D1E0B4A5D006451C7 /* Frameworks */,
				2D02E48E1E0B4A5D006451C7 /* Resources */,
			);
			buildRules = (
			);
			dependencies = (
			);
			name = "Runrun-tvOSTests";
			productName = "Runrun-tvOSTests";
			productReference = 2D02E4901E0B4A5D006451C7 /* Runrun-tvOSTests.xctest */;
			productType = "com.apple.product-type.bundle.unit-test";
		};
		8424676227074643005473D3 /* Ace */ = {
			isa = PBXNativeTarget;
			buildConfigurationList = 842467C227074643005473D3 /* Build configuration list for PBXNativeTarget "Ace" */;
			buildPhases = (
				7F01EDF6E59E2D206EDA12A6 /* [CP] Check Pods Manifest.lock */,
				8424676427074643005473D3 /* Start Packager */,
				8424676527074643005473D3 /* Sources */,
				8424676927074643005473D3 /* Frameworks */,
				842467A327074643005473D3 /* Resources */,
				842467BE27074643005473D3 /* Bundle React Native code and images */,
				F0147A4DFFB77669CC7A3F59 /* Start Packager */,
				AB5E81C4748AC7C995CFA73D /* [CP] Embed Pods Frameworks */,
				7DD649C23EFE962FC896CA63 /* [CP] Copy Pods Resources */,
				84669B5D2E69E4D100A0FBDC /* Embed Frameworks */,
			);
			buildRules = (
			);
			dependencies = (
			);
			name = Ace;
			productName = Runrun;
			productReference = 842467C527074643005473D3 /* Runrun.app */;
			productType = "com.apple.product-type.application";
		};
		ED31B3ED2E93BE4400BFBD67 /* GoKab */ = {
			isa = PBXNativeTarget;
			buildConfigurationList = ED31B4222E93BE4400BFBD67 /* Build configuration list for PBXNativeTarget "GoKab" */;
			buildPhases = (
				ED31B3EE2E93BE4400BFBD67 /* [CP] Check Pods Manifest.lock */,
				ED31B3EF2E93BE4400BFBD67 /* Start Packager */,
				ED31B3F02E93BE4400BFBD67 /* Sources */,
				ED31B3F32E93BE4400BFBD67 /* Frameworks */,
				ED31B3FB2E93BE4400BFBD67 /* Resources */,
				ED31B4172E93BE4400BFBD67 /* Bundle React Native code and images */,
				ED31B4182E93BE4400BFBD67 /* Run Script */,
				ED31B4192E93BE4400BFBD67 /* [CP] Embed Pods Frameworks */,
				ED31B41A2E93BE4400BFBD67 /* [CP] Copy Pods Resources */,
				ED31B41B2E93BE4400BFBD67 /* Embed Frameworks */,
			);
			buildRules = (
			);
			dependencies = (
			);
			name = GoKab;
			productName = Runrun;
			productReference = ED31B4252E93BE4400BFBD67 /* GoKab.app */;
			productType = "com.apple.product-type.application";
		};
/* End PBXNativeTarget section */

/* Begin PBXProject section */
		83CBB9F71A601CBA00E9B192 /* Project object */ = {
			isa = PBXProject;
			attributes = {
				LastUpgradeCheck = 1130;
				TargetAttributes = {
					00E356ED1AD99517003FC87E = {
						CreatedOnToolsVersion = 6.2;
						DevelopmentTeam = 6FXUMT5X23;
						TestTargetID = 13B07F861A680F5B00A75B9A;
					};
					2D02E48F1E0B4A5D006451C7 = {
						CreatedOnToolsVersion = 8.2.1;
						DevelopmentTeam = 6FXUMT5X23;
						ProvisioningStyle = Automatic;
						TestTargetID = 2D02E47A1E0B4A5D006451C7;
					};
				};
			};
			buildConfigurationList = 83CBB9FA1A601CBA00E9B192 /* Build configuration list for PBXProject "Runrun" */;
			compatibilityVersion = "Xcode 12.0";
			developmentRegion = en;
			hasScannedForEncodings = 0;
			knownRegions = (
				en,
				Base,
			);
			mainGroup = 83CBB9F61A601CBA00E9B192;
			productRefGroup = 83CBBA001A601CBA00E9B192 /* Products */;
			projectDirPath = "";
			projectRoot = "";
			targets = (
				00E356ED1AD99517003FC87E /* RunrunTests */,
				2D02E48F1E0B4A5D006451C7 /* Runrun-tvOSTests */,
				8424676227074643005473D3 /* Ace */,
				ED31B3ED2E93BE4400BFBD67 /* GoKab */,
			);
		};
/* End PBXProject section */

/* Begin PBXResourcesBuildPhase section */
		00E356EC1AD99517003FC87E /* Resources */ = {
			isa = PBXResourcesBuildPhase;
			buildActionMask = 2147483647;
			files = (
			);
			runOnlyForDeploymentPostprocessing = 0;
		};
		2D02E48E1E0B4A5D006451C7 /* Resources */ = {
			isa = PBXResourcesBuildPhase;
			buildActionMask = 2147483647;
			files = (
			);
			runOnlyForDeploymentPostprocessing = 0;
		};
		842467A327074643005473D3 /* Resources */ = {
			isa = PBXResourcesBuildPhase;
			buildActionMask = 2147483647;
			files = (
				842467A427074643005473D3 /* Eina02-Regular.ttf in Resources */,
				84C8548B270747D000D6B750 /* Images.xcassets in Resources */,
				842467A527074643005473D3 /* SFProDisplay-Regular.ttf in Resources */,
				842467A627074643005473D3 /* Futura-Medium.ttf in Resources */,
				842467A727074643005473D3 /* LaunchScreen.storyboard in Resources */,
				842467A827074643005473D3 /* CircularStd-Book.otf in Resources */,
				842467A927074643005473D3 /* Metropolis-Bold.otf in Resources */,
				84C85487270747AA00D6B750 /* Ace(Development).xcconfig in Resources */,
				842467AA27074643005473D3 /* Futura Hv BT.ttf in Resources */,
				84C85489270747C000D6B750 /* Ace(Production).xcconfig in Resources */,
				842467AB27074643005473D3 /* SFProText-Regular.ttf in Resources */,
				842467AC27074643005473D3 /* SFProText-SemiBold.ttf in Resources */,
				842467AD27074643005473D3 /* SFProText-Medium.ttf in Resources */,
				84C854F32707483700D6B750 /* GoogleService-Info.plist in Resources */,
				842467AF27074643005473D3 /* notification.wav in Resources */,
				842467B127074643005473D3 /* Plists in Resources */,
				842467B227074643005473D3 /* Futura-Normal.ttf in Resources */,
				842467B327074643005473D3 /* Eina02-Bold.ttf in Resources */,
				842467B427074643005473D3 /* Futura-Book.ttf in Resources */,
				842467B527074643005473D3 /* CircularStd-Medium.otf in Resources */,
				842467B627074643005473D3 /* Metropolis-SemiBold.otf in Resources */,
				842467B727074643005473D3 /* FuturaBT-Heavy.ttf in Resources */,
				842467B827074643005473D3 /* CircularStd-Bold.ttf in Resources */,
				842467B927074643005473D3 /* Metropolis-Regular.otf in Resources */,
				842467BC27074643005473D3 /* SFProText-Bold.ttf in Resources */,
				842467BD27074643005473D3 /* Eina02-SemiBold.ttf in Resources */,
				49FC9A6D38219257CCE8EFAB /* PrivacyInfo.xcprivacy in Resources */,
			);
			runOnlyForDeploymentPostprocessing = 0;
		};
		ED31B3FB2E93BE4400BFBD67 /* Resources */ = {
			isa = PBXResourcesBuildPhase;
			buildActionMask = 2147483647;
			files = (
				ED31B3FC2E93BE4400BFBD67 /* Eina02-Regular.ttf in Resources */,
				ED31B3FE2E93BE4400BFBD67 /* SFProDisplay-Regular.ttf in Resources */,
				ED31B3FF2E93BE4400BFBD67 /* Futura-Medium.ttf in Resources */,
				ED31B4002E93BE4400BFBD67 /* LaunchScreen.storyboard in Resources */,
				ED31B4012E93BE4400BFBD67 /* CircularStd-Book.otf in Resources */,
				ED31B4022E93BE4400BFBD67 /* Metropolis-Bold.otf in Resources */,
				ED31B4042E93BE4400BFBD67 /* Futura Hv BT.ttf in Resources */,
				ED31B42C2E93BE9300BFBD67 /* GoKab(Production).xcconfig in Resources */,
				ED31B42D2E93BE9300BFBD67 /* GoKab(Development).xcconfig in Resources */,
				ED31B42E2E93BE9300BFBD67 /* Images.xcassets in Resources */,
				ED31B42F2E93BE9300BFBD67 /* GoogleService-Info.plist in Resources */,
				ED31B4062E93BE4400BFBD67 /* SFProText-Regular.ttf in Resources */,
				ED31B4072E93BE4400BFBD67 /* SFProText-SemiBold.ttf in Resources */,
				ED31B4082E93BE4400BFBD67 /* SFProText-Medium.ttf in Resources */,
				ED31B40A2E93BE4400BFBD67 /* notification.wav in Resources */,
				ED31B40B2E93BE4400BFBD67 /* Plists in Resources */,
				ED31B40C2E93BE4400BFBD67 /* Futura-Normal.ttf in Resources */,
				ED31B40D2E93BE4400BFBD67 /* Eina02-Bold.ttf in Resources */,
				ED31B40E2E93BE4400BFBD67 /* Futura-Book.ttf in Resources */,
				ED31B40F2E93BE4400BFBD67 /* CircularStd-Medium.otf in Resources */,
				ED31B4102E93BE4400BFBD67 /* Metropolis-SemiBold.otf in Resources */,
				ED31B4112E93BE4400BFBD67 /* FuturaBT-Heavy.ttf in Resources */,
				ED31B4122E93BE4400BFBD67 /* CircularStd-Bold.ttf in Resources */,
				ED31B4132E93BE4400BFBD67 /* Metropolis-Regular.otf in Resources */,
				ED31B4142E93BE4400BFBD67 /* SFProText-Bold.ttf in Resources */,
				ED31B4152E93BE4400BFBD67 /* Eina02-SemiBold.ttf in Resources */,
				ED31B4162E93BE4400BFBD67 /* PrivacyInfo.xcprivacy in Resources */,
			);
			runOnlyForDeploymentPostprocessing = 0;
		};
/* End PBXResourcesBuildPhase section */

/* Begin PBXShellScriptBuildPhase section */
		7DD649C23EFE962FC896CA63 /* [CP] Copy Pods Resources */ = {
			isa = PBXShellScriptBuildPhase;
			buildActionMask = 2147483647;
			files = (
			);
			inputFileListPaths = (
				"${PODS_ROOT}/Target Support Files/Pods-available_pods-Ace/Pods-available_pods-Ace-resources-${CONFIGURATION}-input-files.xcfilelist",
			);
			name = "[CP] Copy Pods Resources";
			outputFileListPaths = (
				"${PODS_ROOT}/Target Support Files/Pods-available_pods-Ace/Pods-available_pods-Ace-resources-${CONFIGURATION}-output-files.xcfilelist",
			);
			runOnlyForDeploymentPostprocessing = 0;
			shellPath = /bin/sh;
			shellScript = "\"${PODS_ROOT}/Target Support Files/Pods-available_pods-Ace/Pods-available_pods-Ace-resources.sh\"\n";
			showEnvVarsInLog = 0;
		};
		7F01EDF6E59E2D206EDA12A6 /* [CP] Check Pods Manifest.lock */ = {
			isa = PBXShellScriptBuildPhase;
			buildActionMask = 2147483647;
			files = (
			);
			inputFileListPaths = (
			);
			inputPaths = (
				"${PODS_PODFILE_DIR_PATH}/Podfile.lock",
				"${PODS_ROOT}/Manifest.lock",
			);
			name = "[CP] Check Pods Manifest.lock";
			outputFileListPaths = (
			);
			outputPaths = (
				"$(DERIVED_FILE_DIR)/Pods-available_pods-Ace-checkManifestLockResult.txt",
			);
			runOnlyForDeploymentPostprocessing = 0;
			shellPath = /bin/sh;
			shellScript = "diff \"${PODS_PODFILE_DIR_PATH}/Podfile.lock\" \"${PODS_ROOT}/Manifest.lock\" > /dev/null\nif [ $? != 0 ] ; then\n    # print error to STDERR\n    echo \"error: The sandbox is not in sync with the Podfile.lock. Run 'pod install' or update your CocoaPods installation.\" >&2\n    exit 1\nfi\n# This output is used by Xcode 'outputs' to avoid re-running this script phase.\necho \"SUCCESS\" > \"${SCRIPT_OUTPUT_FILE_0}\"\n";
			showEnvVarsInLog = 0;
		};
		8424676427074643005473D3 /* Start Packager */ = {
			isa = PBXShellScriptBuildPhase;
			buildActionMask = 2147483647;
			files = (
			);
			inputFileListPaths = (
			);
			inputPaths = (
			);
			name = "Start Packager";
			outputFileListPaths = (
			);
			outputPaths = (
			);
			runOnlyForDeploymentPostprocessing = 0;
			shellPath = /bin/sh;
			shellScript = "export NODE_BINARY=node\n../node_modules/react-native/scripts/react-native-xcode.sh\n\nexport RCT_METRO_PORT=\"${RCT_METRO_PORT:=8081}\"\necho \"export RCT_METRO_PORT=${RCT_METRO_PORT}\" > \"${SRCROOT}/../node_modules/react-native/scripts/.packager.env\"\nif [ -z \"${RCT_NO_LAUNCH_PACKAGER+xxx}\" ] ; then\nif nc -w 5 -z localhost ${RCT_METRO_PORT} ; then\nif ! curl -s \"http://localhost:${RCT_METRO_PORT}/status\" | grep -q \"packager-status:running\" ; then\necho \"Port ${RCT_METRO_PORT} already in use, packager is either not running or not running correctly\"\nexit 2\nfi\nelse\nopen \"$SRCROOT/../node_modules/react-native/scripts/launchPackager.command\" || echo \"Can't start packager automatically\"\nfi\nfi\n";
			showEnvVarsInLog = 0;
		};
		842467BE27074643005473D3 /* Bundle React Native code and images */ = {
			isa = PBXShellScriptBuildPhase;
			buildActionMask = 2147483647;
			files = (
			);
			inputPaths = (
			);
			name = "Bundle React Native code and images";
			outputPaths = (
			);
			runOnlyForDeploymentPostprocessing = 0;
			shellPath = /bin/sh;
			shellScript = "export NODE_BINARY=node\n../node_modules/react-native/scripts/react-native-xcode.sh\n";
		};
		AB5E81C4748AC7C995CFA73D /* [CP] Embed Pods Frameworks */ = {
			isa = PBXShellScriptBuildPhase;
			buildActionMask = 2147483647;
			files = (
			);
			inputFileListPaths = (
				"${PODS_ROOT}/Target Support Files/Pods-available_pods-Ace/Pods-available_pods-Ace-frameworks-${CONFIGURATION}-input-files.xcfilelist",
			);
			name = "[CP] Embed Pods Frameworks";
			outputFileListPaths = (
				"${PODS_ROOT}/Target Support Files/Pods-available_pods-Ace/Pods-available_pods-Ace-frameworks-${CONFIGURATION}-output-files.xcfilelist",
			);
			runOnlyForDeploymentPostprocessing = 0;
			shellPath = /bin/sh;
			shellScript = "\"${PODS_ROOT}/Target Support Files/Pods-available_pods-Ace/Pods-available_pods-Ace-frameworks.sh\"\n";
			showEnvVarsInLog = 0;
		};
		ED31B3EE2E93BE4400BFBD67 /* [CP] Check Pods Manifest.lock */ = {
			isa = PBXShellScriptBuildPhase;
			buildActionMask = 2147483647;
			files = (
			);
			inputFileListPaths = (
			);
			inputPaths = (
				"${PODS_PODFILE_DIR_PATH}/Podfile.lock",
				"${PODS_ROOT}/Manifest.lock",
			);
			name = "[CP] Check Pods Manifest.lock";
			outputFileListPaths = (
			);
			outputPaths = (
				"$(DERIVED_FILE_DIR)/Pods-available_pods-GoKab-checkManifestLockResult.txt",
			);
			runOnlyForDeploymentPostprocessing = 0;
			shellPath = /bin/sh;
			shellScript = "diff \"${PODS_PODFILE_DIR_PATH}/Podfile.lock\" \"${PODS_ROOT}/Manifest.lock\" > /dev/null\nif [ $? != 0 ] ; then\n    # print error to STDERR\n    echo \"error: The sandbox is not in sync with the Podfile.lock. Run 'pod install' or update your CocoaPods installation.\" >&2\n    exit 1\nfi\n# This output is used by Xcode 'outputs' to avoid re-running this script phase.\necho \"SUCCESS\" > \"${SCRIPT_OUTPUT_FILE_0}\"\n";
			showEnvVarsInLog = 0;
		};
		ED31B3EF2E93BE4400BFBD67 /* Start Packager */ = {
			isa = PBXShellScriptBuildPhase;
			buildActionMask = 2147483647;
			files = (
			);
			inputFileListPaths = (
			);
			inputPaths = (
			);
			name = "Start Packager";
			outputFileListPaths = (
			);
			outputPaths = (
			);
			runOnlyForDeploymentPostprocessing = 0;
			shellPath = /bin/sh;
			shellScript = "export NODE_BINARY=node\n../node_modules/react-native/scripts/react-native-xcode.sh\n\nexport RCT_METRO_PORT=\"${RCT_METRO_PORT:=8081}\"\necho \"export RCT_METRO_PORT=${RCT_METRO_PORT}\" > \"${SRCROOT}/../node_modules/react-native/scripts/.packager.env\"\nif [ -z \"${RCT_NO_LAUNCH_PACKAGER+xxx}\" ] ; then\nif nc -w 5 -z localhost ${RCT_METRO_PORT} ; then\nif ! curl -s \"http://localhost:${RCT_METRO_PORT}/status\" | grep -q \"packager-status:running\" ; then\necho \"Port ${RCT_METRO_PORT} already in use, packager is either not running or not running correctly\"\nexit 2\nfi\nelse\nopen \"$SRCROOT/../node_modules/react-native/scripts/launchPackager.command\" || echo \"Can't start packager automatically\"\nfi\nfi\n";
			showEnvVarsInLog = 0;
		};
		ED31B4172E93BE4400BFBD67 /* Bundle React Native code and images */ = {
			isa = PBXShellScriptBuildPhase;
			buildActionMask = 2147483647;
			files = (
			);
			inputPaths = (
			);
			name = "Bundle React Native code and images";
			outputPaths = (
			);
			runOnlyForDeploymentPostprocessing = 0;
			shellPath = /bin/sh;
			shellScript = "export NODE_BINARY=node\n../node_modules/react-native/scripts/react-native-xcode.sh\n";
		};
		ED31B4182E93BE4400BFBD67 /* Run Script */ = {
			isa = PBXShellScriptBuildPhase;
			buildActionMask = 2147483647;
			files = (
			);
			inputFileListPaths = (
			);
			inputPaths = (
			);
			name = "Run Script";
			outputFileListPaths = (
			);
			outputPaths = (
			);
			runOnlyForDeploymentPostprocessing = 0;
			shellPath = /bin/sh;
			shellScript = "\"${PODS_ROOT}/Target Support Files/Pods-available_pods-GoKab/Pods-available_pods-GoKab-frameworks.sh\"\n";
			showEnvVarsInLog = 0;
		};
		ED31B4192E93BE4400BFBD67 /* [CP] Embed Pods Frameworks */ = {
			isa = PBXShellScriptBuildPhase;
			buildActionMask = 2147483647;
			files = (
			);
			inputFileListPaths = (
			);
			name = "[CP] Embed Pods Frameworks";
			outputFileListPaths = (
			);
			runOnlyForDeploymentPostprocessing = 0;
			shellPath = /bin/sh;
			shellScript = "\"${PODS_ROOT}/Target Support Files/Pods-available_pods-GoKab/Pods-available_pods-GoKab-frameworks.sh\"\n";
			showEnvVarsInLog = 0;
		};
		ED31B41A2E93BE4400BFBD67 /* [CP] Copy Pods Resources */ = {
			isa = PBXShellScriptBuildPhase;
			buildActionMask = 2147483647;
			files = (
			);
			inputFileListPaths = (
			);
			name = "[CP] Copy Pods Resources";
			outputFileListPaths = (
			);
			runOnlyForDeploymentPostprocessing = 0;
			shellPath = /bin/sh;
			shellScript = "\"${PODS_ROOT}/Target Support Files/Pods-available_pods-GoKab/Pods-available_pods-GoKab-resources.sh\"\n";
			showEnvVarsInLog = 0;
		};
		F0147A4DFFB77669CC7A3F59 /* Start Packager */ = {
			isa = PBXShellScriptBuildPhase;
			buildActionMask = 2147483647;
			files = (
			);
			inputFileListPaths = (
			);
			inputPaths = (
				"${PODS_ROOT}/Target Support Files/Pods-available_pods-Ace/Pods-available_pods-Ace-frameworks.sh",
				"${PODS_ROOT}/TwitterCore/iOS/TwitterCore.framework",
				"${PODS_ROOT}/TwitterKit5/iOS/TwitterKit.framework",
				"${PODS_XCFRAMEWORKS_BUILD_DIR}/FBAEMKit/FBAEMKit.framework/FBAEMKit",
				"${PODS_XCFRAMEWORKS_BUILD_DIR}/FBSDKCoreKit/FBSDKCoreKit.framework/FBSDKCoreKit",
				"${PODS_XCFRAMEWORKS_BUILD_DIR}/FBSDKCoreKit_Basics/FBSDKCoreKit_Basics.framework/FBSDKCoreKit_Basics",
				"${PODS_XCFRAMEWORKS_BUILD_DIR}/FBSDKLoginKit/FBSDKLoginKit.framework/FBSDKLoginKit",
				"${PODS_XCFRAMEWORKS_BUILD_DIR}/FBSDKShareKit/FBSDKShareKit.framework/FBSDKShareKit",
				"${PODS_XCFRAMEWORKS_BUILD_DIR}/PayTabsSDK/PaymentSDK.framework/PaymentSDK",
				"${PODS_XCFRAMEWORKS_BUILD_DIR}/ZendeskChatProvidersSDK/ChatProvidersSDK.framework/ChatProvidersSDK",
				"${PODS_XCFRAMEWORKS_BUILD_DIR}/ZendeskChatSDK/ChatSDK.framework/ChatSDK",
				"${PODS_XCFRAMEWORKS_BUILD_DIR}/ZendeskCommonUISDK/CommonUISDK.framework/CommonUISDK",
				"${PODS_XCFRAMEWORKS_BUILD_DIR}/ZendeskMessagingAPISDK/MessagingAPI.framework/MessagingAPI",
				"${PODS_XCFRAMEWORKS_BUILD_DIR}/ZendeskMessagingSDK/MessagingSDK.framework/MessagingSDK",
				"${PODS_XCFRAMEWORKS_BUILD_DIR}/ZendeskSDKConfigurationsSDK/SDKConfigurations.framework/SDKConfigurations",
				"${PODS_XCFRAMEWORKS_BUILD_DIR}/razorpay-pod/Razorpay.framework/Razorpay",
			);
			name = "Start Packager";
			outputFileListPaths = (
			);
			outputPaths = (
			);
			runOnlyForDeploymentPostprocessing = 0;
			shellPath = /bin/sh;
			shellScript = "\"${PODS_ROOT}/Target Support Files/Pods-available_pods-Ace/Pods-available_pods-Ace-frameworks.sh\"\n";
			showEnvVarsInLog = 0;
		};
/* End PBXShellScriptBuildPhase section */

/* Begin PBXSourcesBuildPhase section */
		00E356EA1AD99517003FC87E /* Sources */ = {
			isa = PBXSourcesBuildPhase;
			buildActionMask = 2147483647;
			files = (
			);
			runOnlyForDeploymentPostprocessing = 0;
		};
		2D02E48C1E0B4A5D006451C7 /* Sources */ = {
			isa = PBXSourcesBuildPhase;
			buildActionMask = 2147483647;
			files = (
			);
			runOnlyForDeploymentPostprocessing = 0;
		};
		8424676527074643005473D3 /* Sources */ = {
			isa = PBXSourcesBuildPhase;
			buildActionMask = 2147483647;
			files = (
				4E99861B2DDB411E0052751A /* AppDelegate.swift in Sources */,
				8424676727074643005473D3 /* Royo.swift in Sources */,
			);
			runOnlyForDeploymentPostprocessing = 0;
		};
		ED31B3F02E93BE4400BFBD67 /* Sources */ = {
			isa = PBXSourcesBuildPhase;
			buildActionMask = 2147483647;
			files = (
				ED31B3F12E93BE4400BFBD67 /* AppDelegate.swift in Sources */,
				ED31B3F22E93BE4400BFBD67 /* Royo.swift in Sources */,
			);
			runOnlyForDeploymentPostprocessing = 0;
		};
/* End PBXSourcesBuildPhase section */

/* Begin XCBuildConfiguration section */
		00E356F61AD99517003FC87E /* Debug */ = {
			isa = XCBuildConfiguration;
			buildSettings = {
				ALWAYS_EMBED_SWIFT_STANDARD_LIBRARIES = YES;
				BUNDLE_LOADER = "$(TEST_HOST)";
				DEVELOPMENT_TEAM = 6FXUMT5X23;
				GCC_PREPROCESSOR_DEFINITIONS = (
					"DEBUG=1",
					"$(inherited)",
				);
				INFOPLIST_FILE = RunrunTests/Info.plist;
				IPHONEOS_DEPLOYMENT_TARGET = 10.0;
				LD_RUNPATH_SEARCH_PATHS = (
					"$(inherited)",
					"@executable_path/Frameworks",
					"@loader_path/Frameworks",
				);
				OTHER_LDFLAGS = (
					"-ObjC",
					"-lc++",
					"$(inherited)",
				);
				PRODUCT_BUNDLE_IDENTIFIER = "org.reactjs.native.example.$(PRODUCT_NAME:rfc1034identifier)";
				PRODUCT_NAME = "$(TARGET_NAME)";
				TEST_HOST = "$(BUILT_PRODUCTS_DIR)/Runrun.app/Runrun";
			};
			name = Debug;
		};
		00E356F71AD99517003FC87E /* Release */ = {
			isa = XCBuildConfiguration;
			buildSettings = {
				ALWAYS_EMBED_SWIFT_STANDARD_LIBRARIES = YES;
				BUNDLE_LOADER = "$(TEST_HOST)";
				"CODE_SIGN_IDENTITY[sdk=macosx*]" = "Apple Development";
				COPY_PHASE_STRIP = NO;
				DEVELOPMENT_TEAM = 6FXUMT5X23;
				INFOPLIST_FILE = RunrunTests/Info.plist;
				IPHONEOS_DEPLOYMENT_TARGET = 10.0;
				LD_RUNPATH_SEARCH_PATHS = (
					"$(inherited)",
					"@executable_path/Frameworks",
					"@loader_path/Frameworks",
				);
				OTHER_LDFLAGS = (
					"-ObjC",
					"-lc++",
					"$(inherited)",
				);
				PRODUCT_BUNDLE_IDENTIFIER = "org.reactjs.native.example.$(PRODUCT_NAME:rfc1034identifier)";
				PRODUCT_NAME = "$(TARGET_NAME)";
				TEST_HOST = "$(BUILT_PRODUCTS_DIR)/Runrun.app/Runrun";
			};
			name = Release;
		};
		2D02E4991E0B4A5E006451C7 /* Debug */ = {
			isa = XCBuildConfiguration;
			buildSettings = {
				BUNDLE_LOADER = "$(TEST_HOST)";
				CLANG_ANALYZER_NONNULL = YES;
				CLANG_WARN_DOCUMENTATION_COMMENTS = YES;
				CLANG_WARN_INFINITE_RECURSION = YES;
				CLANG_WARN_SUSPICIOUS_MOVE = YES;
				DEBUG_INFORMATION_FORMAT = dwarf;
				DEVELOPMENT_TEAM = 6FXUMT5X23;
				ENABLE_TESTABILITY = YES;
				GCC_NO_COMMON_BLOCKS = YES;
				INFOPLIST_FILE = "Runrun-tvOSTests/Info.plist";
				LD_RUNPATH_SEARCH_PATHS = (
					"$(inherited)",
					"@executable_path/Frameworks",
					"@loader_path/Frameworks",
				);
				OTHER_LDFLAGS = (
					"$(inherited)",
					"-ObjC",
					"-lc++",
				);
				PRODUCT_BUNDLE_IDENTIFIER = "org.reactjs.native.example.Runrun-tvOSTests";
				PRODUCT_NAME = "$(TARGET_NAME)";
				SDKROOT = appletvos;
				TEST_HOST = "$(BUILT_PRODUCTS_DIR)/Runrun-tvOS.app/Runrun-tvOS";
				TVOS_DEPLOYMENT_TARGET = 10.1;
			};
			name = Debug;
		};
		2D02E49A1E0B4A5E006451C7 /* Release */ = {
			isa = XCBuildConfiguration;
			buildSettings = {
				BUNDLE_LOADER = "$(TEST_HOST)";
				CLANG_ANALYZER_NONNULL = YES;
				CLANG_WARN_DOCUMENTATION_COMMENTS = YES;
				CLANG_WARN_INFINITE_RECURSION = YES;
				CLANG_WARN_SUSPICIOUS_MOVE = YES;
				COPY_PHASE_STRIP = NO;
				DEBUG_INFORMATION_FORMAT = "dwarf-with-dsym";
				DEVELOPMENT_TEAM = 6FXUMT5X23;
				GCC_NO_COMMON_BLOCKS = YES;
				INFOPLIST_FILE = "Runrun-tvOSTests/Info.plist";
				LD_RUNPATH_SEARCH_PATHS = (
					"$(inherited)",
					"@executable_path/Frameworks",
					"@loader_path/Frameworks",
				);
				OTHER_LDFLAGS = (
					"$(inherited)",
					"-ObjC",
					"-lc++",
				);
				PRODUCT_BUNDLE_IDENTIFIER = "org.reactjs.native.example.Runrun-tvOSTests";
				PRODUCT_NAME = "$(TARGET_NAME)";
				SDKROOT = appletvos;
				TEST_HOST = "$(BUILT_PRODUCTS_DIR)/Runrun-tvOS.app/Runrun-tvOS";
				TVOS_DEPLOYMENT_TARGET = 10.1;
			};
			name = Release;
		};
		83CBBA201A601CBA00E9B192 /* Debug */ = {
			isa = XCBuildConfiguration;
			buildSettings = {
				ALWAYS_SEARCH_USER_PATHS = NO;
				CC = "";
				CLANG_ANALYZER_LOCALIZABILITY_NONLOCALIZED = YES;
				CLANG_CXX_LANGUAGE_STANDARD = "c++20";
				CLANG_CXX_LIBRARY = "libc++";
				CLANG_ENABLE_MODULES = YES;
				CLANG_ENABLE_OBJC_ARC = YES;
				CLANG_WARN_BLOCK_CAPTURE_AUTORELEASING = YES;
				CLANG_WARN_BOOL_CONVERSION = YES;
				CLANG_WARN_COMMA = YES;
				CLANG_WARN_CONSTANT_CONVERSION = YES;
				CLANG_WARN_DEPRECATED_OBJC_IMPLEMENTATIONS = YES;
				CLANG_WARN_DIRECT_OBJC_ISA_USAGE = YES_ERROR;
				CLANG_WARN_EMPTY_BODY = YES;
				CLANG_WARN_ENUM_CONVERSION = YES;
				CLANG_WARN_INFINITE_RECURSION = YES;
				CLANG_WARN_INT_CONVERSION = YES;
				CLANG_WARN_NON_LITERAL_NULL_CONVERSION = YES;
				CLANG_WARN_OBJC_IMPLICIT_RETAIN_SELF = YES;
				CLANG_WARN_OBJC_LITERAL_CONVERSION = YES;
				CLANG_WARN_OBJC_ROOT_CLASS = YES_ERROR;
				CLANG_WARN_RANGE_LOOP_ANALYSIS = YES;
				CLANG_WARN_STRICT_PROTOTYPES = YES;
				CLANG_WARN_SUSPICIOUS_MOVE = YES;
				CLANG_WARN_UNREACHABLE_CODE = YES;
				CLANG_WARN__DUPLICATE_METHOD_MATCH = YES;
				"CODE_SIGN_IDENTITY[sdk=iphoneos*]" = "iPhone Developer";
				COPY_PHASE_STRIP = NO;
				CXX = "";
				ENABLE_STRICT_OBJC_MSGSEND = YES;
				ENABLE_TESTABILITY = YES;
				"EXCLUDED_ARCHS[sdk=iphonesimulator*]" = "";
				GCC_C_LANGUAGE_STANDARD = gnu99;
				GCC_DYNAMIC_NO_PIC = NO;
				GCC_NO_COMMON_BLOCKS = YES;
				GCC_OPTIMIZATION_LEVEL = 0;
				GCC_PREPROCESSOR_DEFINITIONS = (
					"DEBUG=1",
					"$(inherited)",
				);
				GCC_SYMBOLS_PRIVATE_EXTERN = NO;
				GCC_WARN_64_TO_32_BIT_CONVERSION = YES;
				GCC_WARN_ABOUT_RETURN_TYPE = YES_ERROR;
				GCC_WARN_UNDECLARED_SELECTOR = YES;
				GCC_WARN_UNINITIALIZED_AUTOS = YES_AGGRESSIVE;
				GCC_WARN_UNUSED_FUNCTION = YES;
				GCC_WARN_UNUSED_VARIABLE = YES;
				HEADER_SEARCH_PATHS = (
					"$(inherited)",
					"${PODS_CONFIGURATION_BUILD_DIR}/ReactCommon/ReactCommon.framework/Headers",
					"${PODS_CONFIGURATION_BUILD_DIR}/ReactCommon/ReactCommon.framework/Headers/react/nativemodule/core",
					"${PODS_CONFIGURATION_BUILD_DIR}/ReactCommon-Samples/ReactCommon_Samples.framework/Headers",
					"${PODS_CONFIGURATION_BUILD_DIR}/ReactCommon-Samples/ReactCommon_Samples.framework/Headers/platform/ios",
					"${PODS_CONFIGURATION_BUILD_DIR}/React-Fabric/React_Fabric.framework/Headers/react/renderer/components/view/platform/cxx",
					"${PODS_CONFIGURATION_BUILD_DIR}/React-NativeModulesApple/React_NativeModulesApple.framework/Headers",
					"${PODS_CONFIGURATION_BUILD_DIR}/React-graphics/React_graphics.framework/Headers",
					"${PODS_CONFIGURATION_BUILD_DIR}/React-graphics/React_graphics.framework/Headers/react/renderer/graphics/platform/ios",
				);
				INFOPLIST_FILE = "Runrun/Plists/$(PROJECT_PLIST).plist";
				IPHONEOS_DEPLOYMENT_TARGET = 10.0;
				LD = "";
				LDPLUSPLUS = "";
				LD_RUNPATH_SEARCH_PATHS = (
					/usr/lib/swift,
					"$(inherited)",
				);
				LIBRARY_SEARCH_PATHS = "$(SDKROOT)/usr/lib/swift\"$(inherited)\"";
				MTL_ENABLE_DEBUG_INFO = YES;
				ONLY_ACTIVE_ARCH = YES;
				OTHER_LDFLAGS = "$(inherited)  ";
				OTHER_SWIFT_FLAGS = "";
				REACT_NATIVE_PATH = "${PODS_ROOT}/../../node_modules/react-native";
				SDKROOT = iphoneos;
				SWIFT_ACTIVE_COMPILATION_CONDITIONS = "$(inherited) DEBUG";
				USE_HERMES = true;
			};
			name = Debug;
		};
		83CBBA211A601CBA00E9B192 /* Release */ = {
			isa = XCBuildConfiguration;
			buildSettings = {
				ALWAYS_SEARCH_USER_PATHS = NO;
				CC = "";
				CLANG_ANALYZER_LOCALIZABILITY_NONLOCALIZED = YES;
				CLANG_CXX_LANGUAGE_STANDARD = "c++20";
				CLANG_CXX_LIBRARY = "libc++";
				CLANG_ENABLE_MODULES = YES;
				CLANG_ENABLE_OBJC_ARC = YES;
				CLANG_WARN_BLOCK_CAPTURE_AUTORELEASING = YES;
				CLANG_WARN_BOOL_CONVERSION = YES;
				CLANG_WARN_COMMA = YES;
				CLANG_WARN_CONSTANT_CONVERSION = YES;
				CLANG_WARN_DEPRECATED_OBJC_IMPLEMENTATIONS = YES;
				CLANG_WARN_DIRECT_OBJC_ISA_USAGE = YES_ERROR;
				CLANG_WARN_EMPTY_BODY = YES;
				CLANG_WARN_ENUM_CONVERSION = YES;
				CLANG_WARN_INFINITE_RECURSION = YES;
				CLANG_WARN_INT_CONVERSION = YES;
				CLANG_WARN_NON_LITERAL_NULL_CONVERSION = YES;
				CLANG_WARN_OBJC_IMPLICIT_RETAIN_SELF = YES;
				CLANG_WARN_OBJC_LITERAL_CONVERSION = YES;
				CLANG_WARN_OBJC_ROOT_CLASS = YES_ERROR;
				CLANG_WARN_RANGE_LOOP_ANALYSIS = YES;
				CLANG_WARN_STRICT_PROTOTYPES = YES;
				CLANG_WARN_SUSPICIOUS_MOVE = YES;
				CLANG_WARN_UNREACHABLE_CODE = YES;
				CLANG_WARN__DUPLICATE_METHOD_MATCH = YES;
				"CODE_SIGN_IDENTITY[sdk=iphoneos*]" = "iPhone Developer";
				COPY_PHASE_STRIP = YES;
				CXX = "";
				ENABLE_NS_ASSERTIONS = NO;
				ENABLE_STRICT_OBJC_MSGSEND = YES;
				"EXCLUDED_ARCHS[sdk=iphonesimulator*]" = "";
				GCC_C_LANGUAGE_STANDARD = gnu99;
				GCC_NO_COMMON_BLOCKS = YES;
				GCC_WARN_64_TO_32_BIT_CONVERSION = YES;
				GCC_WARN_ABOUT_RETURN_TYPE = YES_ERROR;
				GCC_WARN_UNDECLARED_SELECTOR = YES;
				GCC_WARN_UNINITIALIZED_AUTOS = YES_AGGRESSIVE;
				GCC_WARN_UNUSED_FUNCTION = YES;
				GCC_WARN_UNUSED_VARIABLE = YES;
				HEADER_SEARCH_PATHS = (
					"$(inherited)",
					"${PODS_CONFIGURATION_BUILD_DIR}/ReactCommon/ReactCommon.framework/Headers",
					"${PODS_CONFIGURATION_BUILD_DIR}/ReactCommon/ReactCommon.framework/Headers/react/nativemodule/core",
					"${PODS_CONFIGURATION_BUILD_DIR}/ReactCommon-Samples/ReactCommon_Samples.framework/Headers",
					"${PODS_CONFIGURATION_BUILD_DIR}/ReactCommon-Samples/ReactCommon_Samples.framework/Headers/platform/ios",
					"${PODS_CONFIGURATION_BUILD_DIR}/React-Fabric/React_Fabric.framework/Headers/react/renderer/components/view/platform/cxx",
					"${PODS_CONFIGURATION_BUILD_DIR}/React-NativeModulesApple/React_NativeModulesApple.framework/Headers",
					"${PODS_CONFIGURATION_BUILD_DIR}/React-graphics/React_graphics.framework/Headers",
					"${PODS_CONFIGURATION_BUILD_DIR}/React-graphics/React_graphics.framework/Headers/react/renderer/graphics/platform/ios",
				);
				INFOPLIST_FILE = "Runrun/Plists/$(PROJECT_PLIST).plist";
				IPHONEOS_DEPLOYMENT_TARGET = 10.0;
				LD = "";
				LDPLUSPLUS = "";
				LD_RUNPATH_SEARCH_PATHS = (
					/usr/lib/swift,
					"$(inherited)",
				);
				LIBRARY_SEARCH_PATHS = "$(SDKROOT)/usr/lib/swift\"$(inherited)\"";
				MTL_ENABLE_DEBUG_INFO = NO;
				OTHER_LDFLAGS = "$(inherited)  ";
				OTHER_SWIFT_FLAGS = "";
				REACT_NATIVE_PATH = "${PODS_ROOT}/../../node_modules/react-native";
				SDKROOT = iphoneos;
				USE_HERMES = true;
				VALIDATE_PRODUCT = YES;
			};
			name = Release;
		};
		842467C427074643005473D3 /* Release */ = {
			isa = XCBuildConfiguration;
			baseConfigurationReference = 84C85488270747C000D6B750 /* Ace(Production).xcconfig */;
			buildSettings = {
				ASSETCATALOG_COMPILER_APPICON_NAME = AppIcon;
				CLANG_ENABLE_MODULES = YES;
				CODE_SIGN_ENTITLEMENTS = Ace.entitlements;
				CODE_SIGN_IDENTITY = "Apple Development";
				CODE_SIGN_STYLE = Automatic;
				CURRENT_PROJECT_VERSION = "$(PROJECT_BUILD_NUMBER)";
				DEVELOPMENT_TEAM = 6FXUMT5X23;
				INFOPLIST_FILE = "$(SRCROOT)/Runrun/Plists/AceInfo.plist";
				IPHONEOS_DEPLOYMENT_TARGET = 11.0;
				LD_RUNPATH_SEARCH_PATHS = (
					"$(inherited)",
					"@executable_path/Frameworks",
				);
				MARKETING_VERSION = "$(PROJECT_APP_VERSION)";
				OTHER_LDFLAGS = (
					"$(inherited)",
					"-ObjC",
					"-lc++",
				);
				PRODUCT_BUNDLE_IDENTIFIER = "$(PROJECT_BUNDLE_ID)";
				PRODUCT_NAME = "$(TARGET_NAME)";
				PROJECT_DEEPLINK = "${PROJECT_DEEPLINK}";
				PROJECT_ENTITLEMENT = "";
				PROJECT_PLIST = "$(PROJECT_PLIST)";
				PROVISIONING_PROFILE_SPECIFIER = "";
				SUPPORTED_PLATFORMS = "iphoneos iphonesimulator";
				SUPPORTS_MACCATALYST = NO;
				SUPPORTS_MAC_DESIGNED_FOR_IPHONE_IPAD = NO;
				SWIFT_OBJC_BRIDGING_HEADER = "";
				SWIFT_VERSION = 5.0;
				TARGETED_DEVICE_FAMILY = 1;
				VERSIONING_SYSTEM = "apple-generic";
			};
			name = Release;
		};
		84BA36A927969D9F006CD402 /* Debug */ = {
			isa = XCBuildConfiguration;
			baseConfigurationReference = 84C85486270747AA00D6B750 /* Ace(Development).xcconfig */;
			buildSettings = {
				ASSETCATALOG_COMPILER_APPICON_NAME = AppIcon;
				CODE_SIGN_ENTITLEMENTS = AceDebug.entitlements;
				CODE_SIGN_IDENTITY = "Apple Development";
				CODE_SIGN_STYLE = Automatic;
				COPY_PHASE_STRIP = NO;
				CURRENT_PROJECT_VERSION = "$(PROJECT_BUILD_NUMBER)";
				DEVELOPMENT_TEAM = 6FXUMT5X23;
				"EXCLUDED_ARCHS[sdk=iphonesimulator*]" = arm64;
				GCC_DYNAMIC_NO_PIC = NO;
				GCC_OPTIMIZATION_LEVEL = 0;
				INFOPLIST_FILE = "$(SRCROOT)/Runrun/Plists/AceInfo.plist";
				PRODUCT_BUNDLE_IDENTIFIER = com.gusto;
				PRODUCT_NAME = Runrun;
				PROVISIONING_PROFILE_SPECIFIER = "";
				SUPPORTED_PLATFORMS = "iphoneos iphonesimulator";
				SUPPORTS_MACCATALYST = NO;
				SUPPORTS_MAC_DESIGNED_FOR_IPHONE_IPAD = NO;
				SWIFT_OBJC_BRIDGING_HEADER = "";
				SWIFT_VERSION = 5.0;
				TARGETED_DEVICE_FAMILY = 1;
			};
			name = Debug;
		};
		ED31B4232E93BE4400BFBD67 /* Release */ = {
			isa = XCBuildConfiguration;
			baseConfigurationReference = ED31B4292E93BE9300BFBD67 /* GoKab(Production).xcconfig */;
			buildSettings = {
				ASSETCATALOG_COMPILER_APPICON_NAME = AppIcon;
				CLANG_ENABLE_MODULES = YES;
				CODE_SIGN_ENTITLEMENTS = Ace.entitlements;
				CODE_SIGN_IDENTITY = "Apple Development";
				CODE_SIGN_STYLE = Automatic;
				CURRENT_PROJECT_VERSION = "$(PROJECT_BUILD_NUMBER)";
				DEVELOPMENT_TEAM = 6FXUMT5X23;
				INFOPLIST_FILE = "Runrun/Plists/$(PROJECT_PLIST).plist";
				IPHONEOS_DEPLOYMENT_TARGET = 11.0;
				LD_RUNPATH_SEARCH_PATHS = (
					"$(inherited)",
					"@executable_path/Frameworks",
				);
				MARKETING_VERSION = "$(PROJECT_APP_VERSION)";
				OTHER_LDFLAGS = (
					"$(inherited)",
					"-ObjC",
					"-lc++",
				);
				PRODUCT_BUNDLE_IDENTIFIER = "$(PROJECT_BUNDLE_ID)";
				PRODUCT_NAME = "$(TARGET_NAME)";
				PROJECT_DEEPLINK = "${PROJECT_DEEPLINK}";
				PROJECT_ENTITLEMENT = "";
				PROJECT_PLIST = "$(PROJECT_PLIST)";
				PROVISIONING_PROFILE_SPECIFIER = "";
				SUPPORTED_PLATFORMS = "iphoneos iphonesimulator";
				SUPPORTS_MACCATALYST = NO;
				SUPPORTS_MAC_DESIGNED_FOR_IPHONE_IPAD = NO;
				SWIFT_OBJC_BRIDGING_HEADER = "";
				SWIFT_VERSION = 5.0;
				TARGETED_DEVICE_FAMILY = 1;
				VERSIONING_SYSTEM = "apple-generic";
			};
			name = Release;
		};
		ED31B4242E93BE4400BFBD67 /* Debug */ = {
			isa = XCBuildConfiguration;
			baseConfigurationReference = ED31B4282E93BE9300BFBD67 /* GoKab(Development).xcconfig */;
			buildSettings = {
				ASSETCATALOG_COMPILER_APPICON_NAME = AppIcon;
				CODE_SIGN_ENTITLEMENTS = AceDebug.entitlements;
				CODE_SIGN_IDENTITY = "Apple Development";
				CODE_SIGN_STYLE = Automatic;
				COPY_PHASE_STRIP = NO;
				CURRENT_PROJECT_VERSION = "$(PROJECT_BUILD_NUMBER)";
				DEVELOPMENT_TEAM = 6FXUMT5X23;
				"EXCLUDED_ARCHS[sdk=iphonesimulator*]" = arm64;
				GCC_DYNAMIC_NO_PIC = NO;
				GCC_OPTIMIZATION_LEVEL = 0;
				INFOPLIST_FILE = "Runrun/Plists/$(PROJECT_PLIST).plist";
				PRODUCT_BUNDLE_IDENTIFIER = "$(PROJECT_BUNDLE_ID)";
				PRODUCT_NAME = "$(TARGET_NAME)";
				PROVISIONING_PROFILE_SPECIFIER = "";
				SUPPORTED_PLATFORMS = "iphoneos iphonesimulator";
				SUPPORTS_MACCATALYST = NO;
				SUPPORTS_MAC_DESIGNED_FOR_IPHONE_IPAD = NO;
				SWIFT_OBJC_BRIDGING_HEADER = "";
				SWIFT_VERSION = 5.0;
				TARGETED_DEVICE_FAMILY = 1;
			};
			name = Debug;
		};
/* End XCBuildConfiguration section */

/* Begin XCConfigurationList section */
		00E357021AD99517003FC87E /* Build configuration list for PBXNativeTarget "RunrunTests" */ = {
			isa = XCConfigurationList;
			buildConfigurations = (
				00E356F61AD99517003FC87E /* Debug */,
				00E356F71AD99517003FC87E /* Release */,
			);
			defaultConfigurationIsVisible = 0;
			defaultConfigurationName = Debug;
		};
		2D02E4BB1E0B4A5E006451C7 /* Build configuration list for PBXNativeTarget "Runrun-tvOSTests" */ = {
			isa = XCConfigurationList;
			buildConfigurations = (
				2D02E4991E0B4A5E006451C7 /* Debug */,
				2D02E49A1E0B4A5E006451C7 /* Release */,
			);
			defaultConfigurationIsVisible = 0;
			defaultConfigurationName = Debug;
		};
		83CBB9FA1A601CBA00E9B192 /* Build configuration list for PBXProject "Runrun" */ = {
			isa = XCConfigurationList;
			buildConfigurations = (
				83CBBA201A601CBA00E9B192 /* Debug */,
				83CBBA211A601CBA00E9B192 /* Release */,
			);
			defaultConfigurationIsVisible = 0;
			defaultConfigurationName = Debug;
		};
		842467C227074643005473D3 /* Build configuration list for PBXNativeTarget "Ace" */ = {
			isa = XCConfigurationList;
			buildConfigurations = (
				842467C427074643005473D3 /* Release */,
				84BA36A927969D9F006CD402 /* Debug */,
			);
			defaultConfigurationIsVisible = 0;
			defaultConfigurationName = Debug;
		};
		ED31B4222E93BE4400BFBD67 /* Build configuration list for PBXNativeTarget "GoKab" */ = {
			isa = XCConfigurationList;
			buildConfigurations = (
				ED31B4232E93BE4400BFBD67 /* Release */,
				ED31B4242E93BE4400BFBD67 /* Debug */,
			);
			defaultConfigurationIsVisible = 0;
			defaultConfigurationName = Debug;
		};
/* End XCConfigurationList section */
	};
	rootObject = 83CBB9F71A601CBA00E9B192 /* Project object */;
}
